
Microsoft Visual Studio Solution File, Format Version 12.00
# Visual Studio Version 17
VisualStudioVersion = 17.0.31903.59
MinimumVisualStudioVersion = 10.0.40219.1
Project("{FAE04EC0-301F-11D3-BF4B-00C04F79EFBC}") = "leetCode", "leetCode\leetCode.csproj", "{29B6194A-88E3-4693-ACED-1133B3207C65}"
EndProject
Project("{FAE04EC0-301F-11D3-BF4B-00C04F79EFBC}") = "leetCode.Tests", "leetCode.Tests\leetCode.Tests.csproj", "{CDB33AE6-9C9C-4B8E-A2BC-6DF52A4B98D4}"
EndProject
Global
	GlobalSection(SolutionConfigurationPlatforms) = preSolution
		Debug|Any CPU = Debug|Any CPU
		Release|Any CPU = Release|Any CPU
	EndGlobalSection
	GlobalSection(SolutionProperties) = preSolution
		HideSolutionNode = FALSE
	EndGlobalSection
	GlobalSection(ProjectConfigurationPlatforms) = postSolution
		{29B6194A-88E3-4693-ACED-1133B3207C65}.Debug|Any CPU.ActiveCfg = Debug|Any CPU
		{29B6194A-88E3-4693-ACED-1133B3207C65}.Debug|Any CPU.Build.0 = Debug|Any CPU
		{29B6194A-88E3-4693-ACED-1133B3207C65}.Release|Any CPU.ActiveCfg = Release|Any CPU
		{29B6194A-88E3-4693-ACED-1133B3207C65}.Release|Any CPU.Build.0 = Release|Any CPU
		{CDB33AE6-9C9C-4B8E-A2BC-6DF52A4B98D4}.Debug|Any CPU.ActiveCfg = Debug|Any CPU
		{CDB33AE6-9C9C-4B8E-A2BC-6DF52A4B98D4}.Debug|Any CPU.Build.0 = Debug|Any CPU
		{CDB33AE6-9C9C-4B8E-A2BC-6DF52A4B98D4}.Release|Any CPU.ActiveCfg = Release|Any CPU
		{CDB33AE6-9C9C-4B8E-A2BC-6DF52A4B98D4}.Release|Any CPU.Build.0 = Release|Any CPU
	EndGlobalSection
EndGlobal
